// !$*UTF8*$!
{
	archiveVersion = 1;
	classes = {
	};
	objectVersion = 46;
	objects = {

/* Begin PBXBuildFile section */
		BB73358913FC6FD0004D46E5 /* UIKit.framework in Frameworks */ = {isa = PBXBuildFile; fileRef = BB73358813FC6FD0004D46E5 /* UIKit.framework */; };
		BB73358B13FC6FD0004D46E5 /* Foundation.framework in Frameworks */ = {isa = PBXBuildFile; fileRef = BB73358A13FC6FD0004D46E5 /* Foundation.framework */; };
		BB73358D13FC6FD0004D46E5 /* CoreGraphics.framework in Frameworks */ = {isa = PBXBuildFile; fileRef = BB73358C13FC6FD0004D46E5 /* CoreGraphics.framework */; };
		BB73359313FC6FD0004D46E5 /* InfoPlist.strings in Resources */ = {isa = PBXBuildFile; fileRef = BB73359113FC6FD0004D46E5 /* InfoPlist.strings */; };
		BB73359613FC6FD0004D46E5 /* main.m in Sources */ = {isa = PBXBuildFile; fileRef = BB73359513FC6FD0004D46E5 /* main.m */; };
		BB73359913FC6FD0004D46E5 /* GetOutOfTheWayAppDelegate.m in Sources */ = {isa = PBXBuildFile; fileRef = BB73359813FC6FD0004D46E5 /* GetOutOfTheWayAppDelegate.m */; };
		BB73359C13FC6FD0004D46E5 /* MainWindow.xib in Resources */ = {isa = PBXBuildFile; fileRef = BB73359A13FC6FD0004D46E5 /* MainWindow.xib */; };
		BB7335AB13FC79E8004D46E5 /* GetOutOfTheWayView.xib in Resources */ = {isa = PBXBuildFile; fileRef = BB7335A813FC79E8004D46E5 /* GetOutOfTheWayView.xib */; };
		BB7335AC13FC79E8004D46E5 /* GetOutOfTheWayViewController.m in Sources */ = {isa = PBXBuildFile; fileRef = BB7335AA13FC79E8004D46E5 /* GetOutOfTheWayViewController.m */; };
		BB7335AE13FC7D22004D46E5 /* search_header.png in Resources */ = {isa = PBXBuildFile; fileRef = BB7335AD13FC7D22004D46E5 /* search_header.png */; };
		BB7335B613FC7F8F004D46E5 /* AutocompleteDelegate.m in Sources */ = {isa = PBXBuildFile; fileRef = BB7335B113FC7F8E004D46E5 /* AutocompleteDelegate.m */; };
		BB7335B713FC7F8F004D46E5 /* EditableValueCell.m in Sources */ = {isa = PBXBuildFile; fileRef = BB7335B313FC7F8E004D46E5 /* EditableValueCell.m */; };
		BB7335BB13FCAC24004D46E5 /* OrderedDictionary.m in Sources */ = {isa = PBXBuildFile; fileRef = BB7335BA13FCAC24004D46E5 /* OrderedDictionary.m */; };
		BB7335BD13FCAD61004D46E5 /* UIViewController+LookAndFeel.m in Sources */ = {isa = PBXBuildFile; fileRef = BB7335BC13FCAD60004D46E5 /* UIViewController+LookAndFeel.m */; };
		BB7335BF13FCB0DF004D46E5 /* EditableValueCell.xib in Resources */ = {isa = PBXBuildFile; fileRef = BB7335BE13FCB0DF004D46E5 /* EditableValueCell.xib */; };
		BB7335C213FCB1AC004D46E5 /* grad_background.png in Resources */ = {isa = PBXBuildFile; fileRef = BB7335C013FCB1AC004D46E5 /* grad_background.png */; };
		BB7335C313FCB1AC004D46E5 /* grad_background@2x.png in Resources */ = {isa = PBXBuildFile; fileRef = BB7335C113FCB1AC004D46E5 /* grad_background@2x.png */; };
		BB7335C713FCB2FB004D46E5 /* SuckageViewController.m in Sources */ = {isa = PBXBuildFile; fileRef = BB7335C513FCB2FA004D46E5 /* SuckageViewController.m */; };
		BB7335C813FCB2FB004D46E5 /* SuckageViewController.xib in Resources */ = {isa = PBXBuildFile; fileRef = BB7335C613FCB2FA004D46E5 /* SuckageViewController.xib */; };
/* End PBXBuildFile section */

/* Begin PBXFileReference section */
		BB73358413FC6FD0004D46E5 /* GetOutOfTheWay.app */ = {isa = PBXFileReference; explicitFileType = wrapper.application; includeInIndex = 0; path = GetOutOfTheWay.app; sourceTree = BUILT_PRODUCTS_DIR; };
		BB73358813FC6FD0004D46E5 /* UIKit.framework */ = {isa = PBXFileReference; lastKnownFileType = wrapper.framework; name = UIKit.framework; path = System/Library/Frameworks/UIKit.framework; sourceTree = SDKROOT; };
		BB73358A13FC6FD0004D46E5 /* Foundation.framework */ = {isa = PBXFileReference; lastKnownFileType = wrapper.framework; name = Foundation.framework; path = System/Library/Frameworks/Foundation.framework; sourceTree = SDKROOT; };
		BB73358C13FC6FD0004D46E5 /* CoreGraphics.framework */ = {isa = PBXFileReference; lastKnownFileType = wrapper.framework; name = CoreGraphics.framework; path = System/Library/Frameworks/CoreGraphics.framework; sourceTree = SDKROOT; };
		BB73359013FC6FD0004D46E5 /* GetOutOfTheWay-Info.plist */ = {isa = PBXFileReference; lastKnownFileType = text.plist.xml; path = "GetOutOfTheWay-Info.plist"; sourceTree = "<group>"; };
		BB73359213FC6FD0004D46E5 /* en */ = {isa = PBXFileReference; lastKnownFileType = text.plist.strings; name = en; path = en.lproj/InfoPlist.strings; sourceTree = "<group>"; };
		BB73359413FC6FD0004D46E5 /* GetOutOfTheWay-Prefix.pch */ = {isa = PBXFileReference; lastKnownFileType = sourcecode.c.h; path = "GetOutOfTheWay-Prefix.pch"; sourceTree = "<group>"; };
		BB73359513FC6FD0004D46E5 /* main.m */ = {isa = PBXFileReference; lastKnownFileType = sourcecode.c.objc; path = main.m; sourceTree = "<group>"; };
		BB73359713FC6FD0004D46E5 /* GetOutOfTheWayAppDelegate.h */ = {isa = PBXFileReference; lastKnownFileType = sourcecode.c.h; path = GetOutOfTheWayAppDelegate.h; sourceTree = "<group>"; };
		BB73359813FC6FD0004D46E5 /* GetOutOfTheWayAppDelegate.m */ = {isa = PBXFileReference; lastKnownFileType = sourcecode.c.objc; path = GetOutOfTheWayAppDelegate.m; sourceTree = "<group>"; };
		BB73359B13FC6FD0004D46E5 /* en */ = {isa = PBXFileReference; lastKnownFileType = file.xib; name = en; path = en.lproj/MainWindow.xib; sourceTree = "<group>"; };
		BB7335A813FC79E8004D46E5 /* GetOutOfTheWayView.xib */ = {isa = PBXFileReference; fileEncoding = 4; lastKnownFileType = file.xib; path = GetOutOfTheWayView.xib; sourceTree = "<group>"; };
		BB7335A913FC79E8004D46E5 /* GetOutOfTheWayViewController.h */ = {isa = PBXFileReference; fileEncoding = 4; lastKnownFileType = sourcecode.c.h; path = GetOutOfTheWayViewController.h; sourceTree = "<group>"; };
		BB7335AA13FC79E8004D46E5 /* GetOutOfTheWayViewController.m */ = {isa = PBXFileReference; fileEncoding = 4; lastKnownFileType = sourcecode.c.objc; path = GetOutOfTheWayViewController.m; sourceTree = "<group>"; };
		BB7335AD13FC7D22004D46E5 /* search_header.png */ = {isa = PBXFileReference; lastKnownFileType = image.png; path = search_header.png; sourceTree = "<group>"; };
		BB7335AF13FC7D90004D46E5 /* UIViewController+LookAndFeel.h */ = {isa = PBXFileReference; fileEncoding = 4; lastKnownFileType = sourcecode.c.h; path = "UIViewController+LookAndFeel.h"; sourceTree = "<group>"; };
		BB7335B013FC7F8E004D46E5 /* AutocompleteDelegate.h */ = {isa = PBXFileReference; fileEncoding = 4; lastKnownFileType = sourcecode.c.h; path = AutocompleteDelegate.h; sourceTree = "<group>"; };
		BB7335B113FC7F8E004D46E5 /* AutocompleteDelegate.m */ = {isa = PBXFileReference; fileEncoding = 4; lastKnownFileType = sourcecode.c.objc; path = AutocompleteDelegate.m; sourceTree = "<group>"; };
		BB7335B213FC7F8E004D46E5 /* EditableValueCell.h */ = {isa = PBXFileReference; fileEncoding = 4; lastKnownFileType = sourcecode.c.h; path = EditableValueCell.h; sourceTree = "<group>"; };
		BB7335B313FC7F8E004D46E5 /* EditableValueCell.m */ = {isa = PBXFileReference; fileEncoding = 4; lastKnownFileType = sourcecode.c.objc; path = EditableValueCell.m; sourceTree = "<group>"; };
		BB7335B913FCAC24004D46E5 /* OrderedDictionary.h */ = {isa = PBXFileReference; fileEncoding = 4; lastKnownFileType = sourcecode.c.h; path = OrderedDictionary.h; sourceTree = "<group>"; };
		BB7335BA13FCAC24004D46E5 /* OrderedDictionary.m */ = {isa = PBXFileReference; fileEncoding = 4; lastKnownFileType = sourcecode.c.objc; path = OrderedDictionary.m; sourceTree = "<group>"; };
		BB7335BC13FCAD60004D46E5 /* UIViewController+LookAndFeel.m */ = {isa = PBXFileReference; fileEncoding = 4; lastKnownFileType = sourcecode.c.objc; path = "UIViewController+LookAndFeel.m"; sourceTree = "<group>"; };
		BB7335BE13FCB0DF004D46E5 /* EditableValueCell.xib */ = {isa = PBXFileReference; fileEncoding = 4; lastKnownFileType = file.xib; path = EditableValueCell.xib; sourceTree = "<group>"; };
		BB7335C013FCB1AC004D46E5 /* grad_background.png */ = {isa = PBXFileReference; lastKnownFileType = image.png; path = grad_background.png; sourceTree = "<group>"; };
		BB7335C113FCB1AC004D46E5 /* grad_background@2x.png */ = {isa = PBXFileReference; lastKnownFileType = image.png; path = "grad_background@2x.png"; sourceTree = "<group>"; };
		BB7335C413FCB2FA004D46E5 /* SuckageViewController.h */ = {isa = PBXFileReference; fileEncoding = 4; lastKnownFileType = sourcecode.c.h; path = SuckageViewController.h; sourceTree = "<group>"; };
		BB7335C513FCB2FA004D46E5 /* SuckageViewController.m */ = {isa = PBXFileReference; fileEncoding = 4; lastKnownFileType = sourcecode.c.objc; path = SuckageViewController.m; sourceTree = "<group>"; };
		BB7335C613FCB2FA004D46E5 /* SuckageViewController.xib */ = {isa = PBXFileReference; fileEncoding = 4; lastKnownFileType = file.xib; path = SuckageViewController.xib; sourceTree = "<group>"; };
/* End PBXFileReference section */

/* Begin PBXFrameworksBuildPhase section */
		BB73358113FC6FD0004D46E5 /* Frameworks */ = {
			isa = PBXFrameworksBuildPhase;
			buildActionMask = 2147483647;
			files = (
				BB73358913FC6FD0004D46E5 /* UIKit.framework in Frameworks */,
				BB73358B13FC6FD0004D46E5 /* Foundation.framework in Frameworks */,
				BB73358D13FC6FD0004D46E5 /* CoreGraphics.framework in Frameworks */,
			);
			runOnlyForDeploymentPostprocessing = 0;
		};
/* End PBXFrameworksBuildPhase section */

/* Begin PBXGroup section */
		BB73357913FC6FCF004D46E5 = {
			isa = PBXGroup;
			children = (
				BB73358E13FC6FD0004D46E5 /* GetOutOfTheWay */,
				BB73358713FC6FD0004D46E5 /* Frameworks */,
				BB73358513FC6FD0004D46E5 /* Products */,
			);
			sourceTree = "<group>";
		};
		BB73358513FC6FD0004D46E5 /* Products */ = {
			isa = PBXGroup;
			children = (
				BB73358413FC6FD0004D46E5 /* GetOutOfTheWay.app */,
			);
			name = Products;
			sourceTree = "<group>";
		};
		BB73358713FC6FD0004D46E5 /* Frameworks */ = {
			isa = PBXGroup;
			children = (
				BB73358813FC6FD0004D46E5 /* UIKit.framework */,
				BB73358A13FC6FD0004D46E5 /* Foundation.framework */,
				BB73358C13FC6FD0004D46E5 /* CoreGraphics.framework */,
			);
			name = Frameworks;
			sourceTree = "<group>";
		};
		BB73358E13FC6FD0004D46E5 /* GetOutOfTheWay */ = {
			isa = PBXGroup;
			children = (
				BB7335CC13FCC077004D46E5 /* View Controllers */,
				BB7335CB13FCC04D004D46E5 /* External */,
				BB7335CA13FCBFF1004D46E5 /* Nibs */,
				BB7335C913FCBFC3004D46E5 /* Images */,
				BB73358F13FC6FD0004D46E5 /* Supporting Files */,
			);
			path = GetOutOfTheWay;
			sourceTree = "<group>";
		};
		BB73358F13FC6FD0004D46E5 /* Supporting Files */ = {
			isa = PBXGroup;
			children = (
				BB7335BC13FCAD60004D46E5 /* UIViewController+LookAndFeel.m */,
				BB73359713FC6FD0004D46E5 /* GetOutOfTheWayAppDelegate.h */,
				BB73359813FC6FD0004D46E5 /* GetOutOfTheWayAppDelegate.m */,
				BB73359013FC6FD0004D46E5 /* GetOutOfTheWay-Info.plist */,
				BB73359113FC6FD0004D46E5 /* InfoPlist.strings */,
				BB73359413FC6FD0004D46E5 /* GetOutOfTheWay-Prefix.pch */,
				BB73359513FC6FD0004D46E5 /* main.m */,
			);
			name = "Supporting Files";
			sourceTree = "<group>";
		};
		BB7335C913FCBFC3004D46E5 /* Images */ = {
			isa = PBXGroup;
			children = (
				BB7335C013FCB1AC004D46E5 /* grad_background.png */,
				BB7335C113FCB1AC004D46E5 /* grad_background@2x.png */,
				BB7335AD13FC7D22004D46E5 /* search_header.png */,
			);
			name = Images;
			sourceTree = "<group>";
		};
		BB7335CA13FCBFF1004D46E5 /* Nibs */ = {
			isa = PBXGroup;
			children = (
				BB7335C613FCB2FA004D46E5 /* SuckageViewController.xib */,
				BB7335BE13FCB0DF004D46E5 /* EditableValueCell.xib */,
				BB7335A813FC79E8004D46E5 /* GetOutOfTheWayView.xib */,
				BB73359A13FC6FD0004D46E5 /* MainWindow.xib */,
			);
			name = Nibs;
			sourceTree = "<group>";
		};
		BB7335CB13FCC04D004D46E5 /* External */ = {
			isa = PBXGroup;
			children = (
				BB7335B913FCAC24004D46E5 /* OrderedDictionary.h */,
				BB7335BA13FCAC24004D46E5 /* OrderedDictionary.m */,
				BB7335B213FC7F8E004D46E5 /* EditableValueCell.h */,
				BB7335B313FC7F8E004D46E5 /* EditableValueCell.m */,
				BB7335AF13FC7D90004D46E5 /* UIViewController+LookAndFeel.h */,
			);
			name = External;
			sourceTree = "<group>";
		};
		BB7335CC13FCC077004D46E5 /* View Controllers */ = {
			isa = PBXGroup;
			children = (
				BB7335B013FC7F8E004D46E5 /* AutocompleteDelegate.h */,
				BB7335B113FC7F8E004D46E5 /* AutocompleteDelegate.m */,
				BB7335A913FC79E8004D46E5 /* GetOutOfTheWayViewController.h */,
				BB7335AA13FC79E8004D46E5 /* GetOutOfTheWayViewController.m */,
				BB7335C413FCB2FA004D46E5 /* SuckageViewController.h */,
				BB7335C513FCB2FA004D46E5 /* SuckageViewController.m */,
			);
			name = "View Controllers";
			sourceTree = "<group>";
		};
/* End PBXGroup section */

/* Begin PBXNativeTarget section */
		BB73358313FC6FD0004D46E5 /* GetOutOfTheWay */ = {
			isa = PBXNativeTarget;
			buildConfigurationList = BB7335A513FC6FD0004D46E5 /* Build configuration list for PBXNativeTarget "GetOutOfTheWay" */;
			buildPhases = (
				BB73358013FC6FD0004D46E5 /* Sources */,
				BB73358113FC6FD0004D46E5 /* Frameworks */,
				BB73358213FC6FD0004D46E5 /* Resources */,
			);
			buildRules = (
			);
			dependencies = (
			);
			name = GetOutOfTheWay;
			productName = GetOutOfTheWay;
			productReference = BB73358413FC6FD0004D46E5 /* GetOutOfTheWay.app */;
			productType = "com.apple.product-type.application";
		};
/* End PBXNativeTarget section */

/* Begin PBXProject section */
		BB73357B13FC6FCF004D46E5 /* Project object */ = {
			isa = PBXProject;
			buildConfigurationList = BB73357E13FC6FCF004D46E5 /* Build configuration list for PBXProject "GetOutOfTheWay" */;
			compatibilityVersion = "Xcode 3.2";
			developmentRegion = English;
			hasScannedForEncodings = 0;
			knownRegions = (
				en,
			);
			mainGroup = BB73357913FC6FCF004D46E5;
			productRefGroup = BB73358513FC6FD0004D46E5 /* Products */;
			projectDirPath = "";
			projectRoot = "";
			targets = (
				BB73358313FC6FD0004D46E5 /* GetOutOfTheWay */,
			);
		};
/* End PBXProject section */

/* Begin PBXResourcesBuildPhase section */
		BB73358213FC6FD0004D46E5 /* Resources */ = {
			isa = PBXResourcesBuildPhase;
			buildActionMask = 2147483647;
			files = (
				BB73359313FC6FD0004D46E5 /* InfoPlist.strings in Resources */,
				BB73359C13FC6FD0004D46E5 /* MainWindow.xib in Resources */,
				BB7335AB13FC79E8004D46E5 /* GetOutOfTheWayView.xib in Resources */,
				BB7335AE13FC7D22004D46E5 /* search_header.png in Resources */,
				BB7335BF13FCB0DF004D46E5 /* EditableValueCell.xib in Resources */,
				BB7335C213FCB1AC004D46E5 /* grad_background.png in Resources */,
				BB7335C313FCB1AC004D46E5 /* grad_background@2x.png in Resources */,
				BB7335C813FCB2FB004D46E5 /* SuckageViewController.xib in Resources */,
			);
			runOnlyForDeploymentPostprocessing = 0;
		};
/* End PBXResourcesBuildPhase section */

/* Begin PBXSourcesBuildPhase section */
		BB73358013FC6FD0004D46E5 /* Sources */ = {
			isa = PBXSourcesBuildPhase;
			buildActionMask = 2147483647;
			files = (
				BB73359613FC6FD0004D46E5 /* main.m in Sources */,
				BB73359913FC6FD0004D46E5 /* GetOutOfTheWayAppDelegate.m in Sources */,
				BB7335AC13FC79E8004D46E5 /* GetOutOfTheWayViewController.m in Sources */,
				BB7335B613FC7F8F004D46E5 /* AutocompleteDelegate.m in Sources */,
				BB7335B713FC7F8F004D46E5 /* EditableValueCell.m in Sources */,
				BB7335BB13FCAC24004D46E5 /* OrderedDictionary.m in Sources */,
				BB7335BD13FCAD61004D46E5 /* UIViewController+LookAndFeel.m in Sources */,
				BB7335C713FCB2FB004D46E5 /* SuckageViewController.m in Sources */,
			);
			runOnlyForDeploymentPostprocessing = 0;
		};
/* End PBXSourcesBuildPhase section */

/* Begin PBXVariantGroup section */
		BB73359113FC6FD0004D46E5 /* InfoPlist.strings */ = {
			isa = PBXVariantGroup;
			children = (
				BB73359213FC6FD0004D46E5 /* en */,
			);
			name = InfoPlist.strings;
			sourceTree = "<group>";
		};
		BB73359A13FC6FD0004D46E5 /* MainWindow.xib */ = {
			isa = PBXVariantGroup;
			children = (
				BB73359B13FC6FD0004D46E5 /* en */,
			);
			name = MainWindow.xib;
			sourceTree = "<group>";
		};
/* End PBXVariantGroup section */

/* Begin XCBuildConfiguration section */
		BB7335A313FC6FD0004D46E5 /* Debug */ = {
			isa = XCBuildConfiguration;
			buildSettings = {
				ARCHS = "$(ARCHS_STANDARD_32_BIT)";
				"CODE_SIGN_IDENTITY[sdk=iphoneos*]" = "iPhone Developer";
				GCC_C_LANGUAGE_STANDARD = gnu99;
				GCC_OPTIMIZATION_LEVEL = 0;
				GCC_PREPROCESSOR_DEFINITIONS = DEBUG;
				GCC_SYMBOLS_PRIVATE_EXTERN = NO;
				GCC_VERSION = com.apple.compilers.llvmgcc42;
				GCC_WARN_ABOUT_RETURN_TYPE = YES;
				GCC_WARN_UNUSED_VARIABLE = YES;
				IPHONEOS_DEPLOYMENT_TARGET = 4.3;
				SDKROOT = iphoneos;
			};
			name = Debug;
		};
		BB7335A413FC6FD0004D46E5 /* Release */ = {
			isa = XCBuildConfiguration;
			buildSettings = {
				ARCHS = "$(ARCHS_STANDARD_32_BIT)";
				"CODE_SIGN_IDENTITY[sdk=iphoneos*]" = "iPhone Developer";
				GCC_C_LANGUAGE_STANDARD = gnu99;
				GCC_VERSION = com.apple.compilers.llvmgcc42;
				GCC_WARN_ABOUT_RETURN_TYPE = YES;
				GCC_WARN_UNUSED_VARIABLE = YES;
				IPHONEOS_DEPLOYMENT_TARGET = 4.3;
				OTHER_CFLAGS = "-DNS_BLOCK_ASSERTIONS=1";
				SDKROOT = iphoneos;
			};
			name = Release;
		};
		BB7335A613FC6FD0004D46E5 /* Debug */ = {
			isa = XCBuildConfiguration;
			buildSettings = {
				ALWAYS_SEARCH_USER_PATHS = NO;
				COPY_PHASE_STRIP = NO;
				GCC_DYNAMIC_NO_PIC = NO;
				GCC_PRECOMPILE_PREFIX_HEADER = YES;
				GCC_PREFIX_HEADER = "GetOutOfTheWay/GetOutOfTheWay-Prefix.pch";
				INFOPLIST_FILE = "GetOutOfTheWay/GetOutOfTheWay-Info.plist";
				PRODUCT_NAME = "$(TARGET_NAME)";
				WRAPPER_EXTENSION = app;
			};
			name = Debug;
		};
		BB7335A713FC6FD0004D46E5 /* Release */ = {
			isa = XCBuildConfiguration;
			buildSettings = {
				ALWAYS_SEARCH_USER_PATHS = NO;
				COPY_PHASE_STRIP = YES;
				GCC_PRECOMPILE_PREFIX_HEADER = YES;
				GCC_PREFIX_HEADER = "GetOutOfTheWay/GetOutOfTheWay-Prefix.pch";
				INFOPLIST_FILE = "GetOutOfTheWay/GetOutOfTheWay-Info.plist";
				PRODUCT_NAME = "$(TARGET_NAME)";
				VALIDATE_PRODUCT = YES;
				WRAPPER_EXTENSION = app;
			};
			name = Release;
		};
/* End XCBuildConfiguration section */

/* Begin XCConfigurationList section */
		BB73357E13FC6FCF004D46E5 /* Build configuration list for PBXProject "GetOutOfTheWay" */ = {
			isa = XCConfigurationList;
			buildConfigurations = (
				BB7335A313FC6FD0004D46E5 /* Debug */,
				BB7335A413FC6FD0004D46E5 /* Release */,
			);
			defaultConfigurationIsVisible = 0;
			defaultConfigurationName = Release;
		};
		BB7335A513FC6FD0004D46E5 /* Build configuration list for PBXNativeTarget "GetOutOfTheWay" */ = {
			isa = XCConfigurationList;
			buildConfigurations = (
				BB7335A613FC6FD0004D46E5 /* Debug */,
				BB7335A713FC6FD0004D46E5 /* Release */,
			);
			defaultConfigurationIsVisible = 0;
		};
/* End XCConfigurationList section */
	};
	rootObject = BB73357B13FC6FCF004D46E5 /* Project object */;
}
